
Microsoft Visual Studio Solution File, Format Version 12.00
# Visual Studio Version 17
VisualStudioVersion = 17.0.31903.59
MinimumVisualStudioVersion = 10.0.40219.1
Project("{FAE04EC0-301F-11D3-BF4B-00C04F79EFBC}") = "IntegrifyLibraryApi.Business", "IntegrifyLibraryApi.Business\IntegrifyLibraryApi.Business.csproj", "{853EE27B-597D-4B42-AB18-66C197902296}"
EndProject
Project("{FAE04EC0-301F-11D3-BF4B-00C04F79EFBC}") = "IntegrifyLibraryApi.Controller", "IntegrifyLibraryApi.Controller\IntegrifyLibraryApi.Controller.csproj", "{5C561C83-DEE0-4E8B-A860-34FC63F7B335}"
EndProject
Project("{FAE04EC0-301F-11D3-BF4B-00C04F79EFBC}") = "IntegrifyLibraryApi.Domain", "IntegrifyLibraryApi.Domain\IntegrifyLibraryApi.Domain.csproj", "{D31E2AED-09F9-4D14-8D05-FB6BC2A54165}"
EndProject
Project("{FAE04EC0-301F-11D3-BF4B-00C04F79EFBC}") = "IntegrifyLibraryApi.Infrastructure", "IntegrifyLibraryApi.Infrastructure\IntegrifyLibraryApi.Infrastructure.csproj", "{46034986-C7C3-4457-A18C-2172CA5156DC}"
EndProject
Global
	GlobalSection(SolutionConfigurationPlatforms) = preSolution
		Debug|Any CPU = Debug|Any CPU
		Release|Any CPU = Release|Any CPU
	EndGlobalSection
	GlobalSection(SolutionProperties) = preSolution
		HideSolutionNode = FALSE
	EndGlobalSection
	GlobalSection(ProjectConfigurationPlatforms) = postSolution
		{853EE27B-597D-4B42-AB18-66C197902296}.Debug|Any CPU.ActiveCfg = Debug|Any CPU
		{853EE27B-597D-4B42-AB18-66C197902296}.Debug|Any CPU.Build.0 = Debug|Any CPU
		{853EE27B-597D-4B42-AB18-66C197902296}.Release|Any CPU.ActiveCfg = Release|Any CPU
		{853EE27B-597D-4B42-AB18-66C197902296}.Release|Any CPU.Build.0 = Release|Any CPU
		{5C561C83-DEE0-4E8B-A860-34FC63F7B335}.Debug|Any CPU.ActiveCfg = Debug|Any CPU
		{5C561C83-DEE0-4E8B-A860-34FC63F7B335}.Debug|Any CPU.Build.0 = Debug|Any CPU
		{5C561C83-DEE0-4E8B-A860-34FC63F7B335}.Release|Any CPU.ActiveCfg = Release|Any CPU
		{5C561C83-DEE0-4E8B-A860-34FC63F7B335}.Release|Any CPU.Build.0 = Release|Any CPU
		{D31E2AED-09F9-4D14-8D05-FB6BC2A54165}.Debug|Any CPU.ActiveCfg = Debug|Any CPU
		{D31E2AED-09F9-4D14-8D05-FB6BC2A54165}.Debug|Any CPU.Build.0 = Debug|Any CPU
		{D31E2AED-09F9-4D14-8D05-FB6BC2A54165}.Release|Any CPU.ActiveCfg = Release|Any CPU
		{D31E2AED-09F9-4D14-8D05-FB6BC2A54165}.Release|Any CPU.Build.0 = Release|Any CPU
		{46034986-C7C3-4457-A18C-2172CA5156DC}.Debug|Any CPU.ActiveCfg = Debug|Any CPU
		{46034986-C7C3-4457-A18C-2172CA5156DC}.Debug|Any CPU.Build.0 = Debug|Any CPU
		{46034986-C7C3-4457-A18C-2172CA5156DC}.Release|Any CPU.ActiveCfg = Release|Any CPU
		{46034986-C7C3-4457-A18C-2172CA5156DC}.Release|Any CPU.Build.0 = Release|Any CPU
	EndGlobalSection
EndGlobal
