
Microsoft Visual Studio Solution File, Format Version 12.00
# Visual Studio Version 17
VisualStudioVersion = 17.0.31903.59
MinimumVisualStudioVersion = 10.0.40219.1
Project("{FAE04EC0-301F-11D3-BF4B-00C04F79EFBC}") = "IntegrifyLibrary", "IntegrifyLibrary\IntegrifyLibrary.csproj", "{5A94917A-EA8A-4F75-94E4-453CBA0EF03B}"
EndProject
Project("{FAE04EC0-301F-11D3-BF4B-00C04F79EFBC}") = "IntegrifyLibrary.Business", "IntegrifyLibrary.Business\IntegrifyLibrary.Business.csproj", "{9106635F-982E-4A81-BCFD-ACB3DDCA28AD}"
EndProject
Project("{FAE04EC0-301F-11D3-BF4B-00C04F79EFBC}") = "IntegrifyLibrary.Infrastructure", "IntegrifyLibrary.Infrastructure\IntegrifyLibrary.Infrastructure.csproj", "{DE664078-073A-4ADE-9AF2-0476145A3942}"
EndProject
Project("{FAE04EC0-301F-11D3-BF4B-00C04F79EFBC}") = "IntegrifyLibrary.Domain", "IntegrifyLibrary.Domain\IntegrifyLibrary.Domain.csproj", "{E5EDA6A9-F134-4EFA-842C-969F3ECC946E}"
EndProject
Project("{FAE04EC0-301F-11D3-BF4B-00C04F79EFBC}") = "IntegrifyLibrary.Controller", "IntegrifyLibrary.Controller\IntegrifyLibrary.Controller.csproj", "{AC57F866-1CCF-45FC-9787-AD81CAD0A746}"
EndProject
Global
	GlobalSection(SolutionConfigurationPlatforms) = preSolution
		Debug|Any CPU = Debug|Any CPU
		Release|Any CPU = Release|Any CPU
	EndGlobalSection
	GlobalSection(SolutionProperties) = preSolution
		HideSolutionNode = FALSE
	EndGlobalSection
	GlobalSection(ProjectConfigurationPlatforms) = postSolution
		{5A94917A-EA8A-4F75-94E4-453CBA0EF03B}.Debug|Any CPU.ActiveCfg = Debug|Any CPU
		{5A94917A-EA8A-4F75-94E4-453CBA0EF03B}.Debug|Any CPU.Build.0 = Debug|Any CPU
		{5A94917A-EA8A-4F75-94E4-453CBA0EF03B}.Release|Any CPU.ActiveCfg = Release|Any CPU
		{5A94917A-EA8A-4F75-94E4-453CBA0EF03B}.Release|Any CPU.Build.0 = Release|Any CPU
		{9106635F-982E-4A81-BCFD-ACB3DDCA28AD}.Debug|Any CPU.ActiveCfg = Debug|Any CPU
		{9106635F-982E-4A81-BCFD-ACB3DDCA28AD}.Debug|Any CPU.Build.0 = Debug|Any CPU
		{9106635F-982E-4A81-BCFD-ACB3DDCA28AD}.Release|Any CPU.ActiveCfg = Release|Any CPU
		{9106635F-982E-4A81-BCFD-ACB3DDCA28AD}.Release|Any CPU.Build.0 = Release|Any CPU
		{DE664078-073A-4ADE-9AF2-0476145A3942}.Debug|Any CPU.ActiveCfg = Debug|Any CPU
		{DE664078-073A-4ADE-9AF2-0476145A3942}.Debug|Any CPU.Build.0 = Debug|Any CPU
		{DE664078-073A-4ADE-9AF2-0476145A3942}.Release|Any CPU.ActiveCfg = Release|Any CPU
		{DE664078-073A-4ADE-9AF2-0476145A3942}.Release|Any CPU.Build.0 = Release|Any CPU
		{E5EDA6A9-F134-4EFA-842C-969F3ECC946E}.Debug|Any CPU.ActiveCfg = Debug|Any CPU
		{E5EDA6A9-F134-4EFA-842C-969F3ECC946E}.Debug|Any CPU.Build.0 = Debug|Any CPU
		{E5EDA6A9-F134-4EFA-842C-969F3ECC946E}.Release|Any CPU.ActiveCfg = Release|Any CPU
		{E5EDA6A9-F134-4EFA-842C-969F3ECC946E}.Release|Any CPU.Build.0 = Release|Any CPU
		{AC57F866-1CCF-45FC-9787-AD81CAD0A746}.Debug|Any CPU.ActiveCfg = Debug|Any CPU
		{AC57F866-1CCF-45FC-9787-AD81CAD0A746}.Debug|Any CPU.Build.0 = Debug|Any CPU
		{AC57F866-1CCF-45FC-9787-AD81CAD0A746}.Release|Any CPU.ActiveCfg = Release|Any CPU
		{AC57F866-1CCF-45FC-9787-AD81CAD0A746}.Release|Any CPU.Build.0 = Release|Any CPU
	EndGlobalSection
EndGlobal
